
Microsoft Visual Studio Solution File, Format Version 12.00
# Visual Studio Version 17
VisualStudioVersion = 17.11.35222.181
MinimumVisualStudioVersion = 10.0.40219.1
Project("{9A19103F-16F7-4668-BE54-9A1E7A4F7556}") = "ToDoList", "ToDoList\ToDoList.csproj", "{17517050-85B2-4C0B-9B07-E5FA2CF9480A}"
EndProject
Project("{FAE04EC0-301F-11D3-BF4B-00C04F79EFBC}") = "ToDoList.Core", "ToDoList.Core\ToDoList.Core.csproj", "{B7A2BF63-FA7E-451C-9337-E50C6234023C}"
EndProject
Project("{FAE04EC0-301F-11D3-BF4B-00C04F79EFBC}") = "ToDoList.EF", "ToDoList.EF\ToDoList.EF.csproj", "{51980118-1A66-4ED2-922B-510956D34D68}"
EndProject
Global
	GlobalSection(SolutionConfigurationPlatforms) = preSolution
		Debug|Any CPU = Debug|Any CPU
		Release|Any CPU = Release|Any CPU
	EndGlobalSection
	GlobalSection(ProjectConfigurationPlatforms) = postSolution
		{17517050-85B2-4C0B-9B07-E5FA2CF9480A}.Debug|Any CPU.ActiveCfg = Debug|Any CPU
		{17517050-85B2-4C0B-9B07-E5FA2CF9480A}.Debug|Any CPU.Build.0 = Debug|Any CPU
		{17517050-85B2-4C0B-9B07-E5FA2CF9480A}.Release|Any CPU.ActiveCfg = Release|Any CPU
		{17517050-85B2-4C0B-9B07-E5FA2CF9480A}.Release|Any CPU.Build.0 = Release|Any CPU
		{B7A2BF63-FA7E-451C-9337-E50C6234023C}.Debug|Any CPU.ActiveCfg = Debug|Any CPU
		{B7A2BF63-FA7E-451C-9337-E50C6234023C}.Debug|Any CPU.Build.0 = Debug|Any CPU
		{B7A2BF63-FA7E-451C-9337-E50C6234023C}.Release|Any CPU.ActiveCfg = Release|Any CPU
		{B7A2BF63-FA7E-451C-9337-E50C6234023C}.Release|Any CPU.Build.0 = Release|Any CPU
		{51980118-1A66-4ED2-922B-510956D34D68}.Debug|Any CPU.ActiveCfg = Debug|Any CPU
		{51980118-1A66-4ED2-922B-510956D34D68}.Debug|Any CPU.Build.0 = Debug|Any CPU
		{51980118-1A66-4ED2-922B-510956D34D68}.Release|Any CPU.ActiveCfg = Release|Any CPU
		{51980118-1A66-4ED2-922B-510956D34D68}.Release|Any CPU.Build.0 = Release|Any CPU
	EndGlobalSection
	GlobalSection(SolutionProperties) = preSolution
		HideSolutionNode = FALSE
	EndGlobalSection
	GlobalSection(ExtensibilityGlobals) = postSolution
		SolutionGuid = {791022A4-42F0-425A-B3BC-465ECF7495A7}
	EndGlobalSection
EndGlobal
